// !$*UTF8*$!
{
	archiveVersion = 1;
	classes = {
	};
	objectVersion = 46;
	objects = {

/* Begin PBXBuildFile section */
		44800727959E91FB53B9AE04 /* Pods_communifime.framework in Frameworks */ = {isa = PBXBuildFile; fileRef = 40C8F944AD89407778E1C355 /* Pods_communifime.framework */; };
		680D91501CCEEF7700A31971 /* CommunityList.swift in Sources */ = {isa = PBXBuildFile; fileRef = 680D914F1CCEEF7700A31971 /* CommunityList.swift */; };
		680D91541CCEF2A700A31971 /* CommunityVC.swift in Sources */ = {isa = PBXBuildFile; fileRef = 680D91531CCEF2A700A31971 /* CommunityVC.swift */; };
		680D91561CCEF42B00A31971 /* Community.swift in Sources */ = {isa = PBXBuildFile; fileRef = 680D91551CCEF42B00A31971 /* Community.swift */; };
		68148BE01CA899B40096E699 /* profile_icon.png in Resources */ = {isa = PBXBuildFile; fileRef = 68148BDF1CA899B40096E699 /* profile_icon.png */; };
		68148BE21CA89A330096E699 /* settings_icon.png in Resources */ = {isa = PBXBuildFile; fileRef = 68148BE11CA89A330096E699 /* settings_icon.png */; };
		68148BE41CA89AB50096E699 /* communities_icon.png in Resources */ = {isa = PBXBuildFile; fileRef = 68148BE31CA89AB50096E699 /* communities_icon.png */; };
		68148BE61CA89DBB0096E699 /* SettingsVC.swift in Sources */ = {isa = PBXBuildFile; fileRef = 68148BE51CA89DBB0096E699 /* SettingsVC.swift */; };
		68148BE81CA98FE10096E699 /* add-icon.png in Resources */ = {isa = PBXBuildFile; fileRef = 68148BE71CA98FE10096E699 /* add-icon.png */; };
		6824FECB1CBAE9D800C33B9D /* FamilyMember.swift in Sources */ = {isa = PBXBuildFile; fileRef = 6824FECA1CBAE9D800C33B9D /* FamilyMember.swift */; };
		6824FECF1CBAEB2D00C33B9D /* SpouseFamilyMember.swift in Sources */ = {isa = PBXBuildFile; fileRef = 6824FECE1CBAEB2D00C33B9D /* SpouseFamilyMember.swift */; };
		6824FED11CBAF43600C33B9D /* FamilyList.swift in Sources */ = {isa = PBXBuildFile; fileRef = 6824FED01CBAF43600C33B9D /* FamilyList.swift */; };
		6824FED41CBAFBFE00C33B9D /* ManageSpouseVC.swift in Sources */ = {isa = PBXBuildFile; fileRef = 6824FED31CBAFBFE00C33B9D /* ManageSpouseVC.swift */; };
		6824FED61CBB090C00C33B9D /* ManageChildVC.swift in Sources */ = {isa = PBXBuildFile; fileRef = 6824FED51CBB090C00C33B9D /* ManageChildVC.swift */; };
		6824FED81CBB35A600C33B9D /* chevronBackground.png in Resources */ = {isa = PBXBuildFile; fileRef = 6824FED71CBB35A600C33B9D /* chevronBackground.png */; };
		682733A41CAE09AD00DBD95B /* addProfileImage.png in Resources */ = {isa = PBXBuildFile; fileRef = 682733A31CAE09AD00DBD95B /* addProfileImage.png */; };
		682733A71CB06FEC00DBD95B /* UserProfile.swift in Sources */ = {isa = PBXBuildFile; fileRef = 682733A61CB06FEC00DBD95B /* UserProfile.swift */; };
		682733B41CB355FD00DBD95B /* leftArrow.png in Resources */ = {isa = PBXBuildFile; fileRef = 682733B31CB355FD00DBD95B /* leftArrow.png */; };
		682733B61CB3584B00DBD95B /* ManageAddressVC.swift in Sources */ = {isa = PBXBuildFile; fileRef = 682733B51CB3584B00DBD95B /* ManageAddressVC.swift */; };
		682733BA1CB35A8700DBD95B /* Address.swift in Sources */ = {isa = PBXBuildFile; fileRef = 682733B91CB35A8700DBD95B /* Address.swift */; };
		682733C01CB55A4A00DBD95B /* PairList.swift in Sources */ = {isa = PBXBuildFile; fileRef = 682733BF1CB55A4A00DBD95B /* PairList.swift */; };
		682733C41CB5D8FE00DBD95B /* ManagePairVC.swift in Sources */ = {isa = PBXBuildFile; fileRef = 682733C31CB5D8FE00DBD95B /* ManagePairVC.swift */; };
		682733C61CB5EDE400DBD95B /* Pair.swift in Sources */ = {isa = PBXBuildFile; fileRef = 682733C51CB5EDE400DBD95B /* Pair.swift */; };
		682733CC1CB98B1700DBD95B /* ProfileList.swift in Sources */ = {isa = PBXBuildFile; fileRef = 682733CB1CB98B1700DBD95B /* ProfileList.swift */; };
		682733CE1CB98D3700DBD95B /* ProfileTextCell.swift in Sources */ = {isa = PBXBuildFile; fileRef = 682733CD1CB98D3700DBD95B /* ProfileTextCell.swift */; };
		682733D01CB9945000DBD95B /* ProfileAddressCell.swift in Sources */ = {isa = PBXBuildFile; fileRef = 682733CF1CB9945000DBD95B /* ProfileAddressCell.swift */; };
		682733D21CB9990400DBD95B /* FormPair.swift in Sources */ = {isa = PBXBuildFile; fileRef = 682733D11CB9990400DBD95B /* FormPair.swift */; };
		682733D61CBA99B900DBD95B /* ProfilePairListCell.swift in Sources */ = {isa = PBXBuildFile; fileRef = 682733D51CBA99B900DBD95B /* ProfilePairListCell.swift */; };
		68388A4B1CD199A700AE1CF9 /* nologo.jpg in Resources */ = {isa = PBXBuildFile; fileRef = 68388A4A1CD199A700AE1CF9 /* nologo.jpg */; };
		68388A4D1CD19B1000AE1CF9 /* CommunitySettingsVC.swift in Sources */ = {isa = PBXBuildFile; fileRef = 68388A4C1CD19B1000AE1CF9 /* CommunitySettingsVC.swift */; };
		68388A511CD2997E00AE1CF9 /* CommunityTabBarVC.swift in Sources */ = {isa = PBXBuildFile; fileRef = 68388A501CD2997E00AE1CF9 /* CommunityTabBarVC.swift */; };
		68388A531CD29B0900AE1CF9 /* SubCommunityList.swift in Sources */ = {isa = PBXBuildFile; fileRef = 68388A521CD29B0900AE1CF9 /* SubCommunityList.swift */; };
		68388A551CD2A22000AE1CF9 /* ManageSubCommunityVC.swift in Sources */ = {isa = PBXBuildFile; fileRef = 68388A541CD2A22000AE1CF9 /* ManageSubCommunityVC.swift */; };
		684048211CD565CB00514CE4 /* CommunityAdminSettingsVC.swift in Sources */ = {isa = PBXBuildFile; fileRef = 684048201CD565CB00514CE4 /* CommunityAdminSettingsVC.swift */; };
		684048241CD664DF00514CE4 /* SubCommunityApprovalList.swift in Sources */ = {isa = PBXBuildFile; fileRef = 684048231CD664DF00514CE4 /* SubCommunityApprovalList.swift */; };
		684048261CD6761300514CE4 /* SubCommunityRequestsVC.swift in Sources */ = {isa = PBXBuildFile; fileRef = 684048251CD6761300514CE4 /* SubCommunityRequestsVC.swift */; };
		684048281CD684D200514CE4 /* JoinCommunityVC.swift in Sources */ = {isa = PBXBuildFile; fileRef = 684048271CD684D200514CE4 /* JoinCommunityVC.swift */; };
		6859CF431CC6CF8700208C90 /* Accounts in Resources */ = {isa = PBXBuildFile; fileRef = 6859CF421CC6CF8700208C90 /* Accounts */; };
		6859CF451CCDA89F00208C90 /* ImageContainer.swift in Sources */ = {isa = PBXBuildFile; fileRef = 6859CF441CCDA89F00208C90 /* ImageContainer.swift */; };
		6859CF471CCDB7C000208C90 /* loadingImage.png in Resources */ = {isa = PBXBuildFile; fileRef = 6859CF461CCDB7C000208C90 /* loadingImage.png */; };
		686415771CD6FD1F00B265A7 /* CommunityMainVC.swift in Sources */ = {isa = PBXBuildFile; fileRef = 686415761CD6FD1F00B265A7 /* CommunityMainVC.swift */; };
		68ADFEE11CDAE21400B2671E /* SubCommunityManageMembersVC.swift in Sources */ = {isa = PBXBuildFile; fileRef = 68ADFEE01CDAE21400B2671E /* SubCommunityManageMembersVC.swift */; };
		68ADFEE31CDAE22D00B2671E /* SubCommunityManageMembersList.swift in Sources */ = {isa = PBXBuildFile; fileRef = 68ADFEE21CDAE22D00B2671E /* SubCommunityManageMembersList.swift */; };
		68ADFEE71CDAEB4900B2671E /* searchIcon.png in Resources */ = {isa = PBXBuildFile; fileRef = 68ADFEE61CDAEB4900B2671E /* searchIcon.png */; };
		68ADFEE91CDAEF6300B2671E /* emailIcon.png in Resources */ = {isa = PBXBuildFile; fileRef = 68ADFEE81CDAEF6300B2671E /* emailIcon.png */; };
		68F3830D1CBBDC56001E0587 /* ProfileDateCell.swift in Sources */ = {isa = PBXBuildFile; fileRef = 68F3830C1CBBDC56001E0587 /* ProfileDateCell.swift */; };
		68F3830F1CBBE5C9001E0587 /* ChildFamilyMember.swift in Sources */ = {isa = PBXBuildFile; fileRef = 68F3830E1CBBE5C9001E0587 /* ChildFamilyMember.swift */; };
		68FDF1591CA7438B0037B878 /* AppDelegate.swift in Sources */ = {isa = PBXBuildFile; fileRef = 68FDF1581CA7438B0037B878 /* AppDelegate.swift */; };
		68FDF15E1CA7438B0037B878 /* Main.storyboard in Resources */ = {isa = PBXBuildFile; fileRef = 68FDF15C1CA7438B0037B878 /* Main.storyboard */; };
		68FDF1601CA7438B0037B878 /* Assets.xcassets in Resources */ = {isa = PBXBuildFile; fileRef = 68FDF15F1CA7438B0037B878 /* Assets.xcassets */; };
		68FDF1631CA7438B0037B878 /* LaunchScreen.storyboard in Resources */ = {isa = PBXBuildFile; fileRef = 68FDF1611CA7438B0037B878 /* LaunchScreen.storyboard */; };
		68FDF16B1CA743EB0037B878 /* TODO in Resources */ = {isa = PBXBuildFile; fileRef = 68FDF16A1CA743EB0037B878 /* TODO */; };
		68FDF16E1CA7475B0037B878 /* LoginVC.swift in Sources */ = {isa = PBXBuildFile; fileRef = 68FDF16D1CA7475B0037B878 /* LoginVC.swift */; };
		68FDF1701CA7481C0037B878 /* RegisterVC.swift in Sources */ = {isa = PBXBuildFile; fileRef = 68FDF16F1CA7481C0037B878 /* RegisterVC.swift */; };
		68FDF1721CA748C70037B878 /* Core.swift in Sources */ = {isa = PBXBuildFile; fileRef = 68FDF1711CA748C70037B878 /* Core.swift */; };
		68FDF1741CA749D70037B878 /* UIViewController+Extras.swift in Sources */ = {isa = PBXBuildFile; fileRef = 68FDF1731CA749D70037B878 /* UIViewController+Extras.swift */; };
		B818DF761CAEBCCC00B22D10 /* ProfileVC.swift in Sources */ = {isa = PBXBuildFile; fileRef = B818DF751CAEBCCC00B22D10 /* ProfileVC.swift */; };
		B818DF781CAEBE0C00B22D10 /* GetImageVC.swift in Sources */ = {isa = PBXBuildFile; fileRef = B818DF771CAEBE0C00B22D10 /* GetImageVC.swift */; };
		B818DF831CB3F62B00B22D10 /* AddressView.swift in Sources */ = {isa = PBXBuildFile; fileRef = B818DF821CB3F62B00B22D10 /* AddressView.swift */; };
		B818DF861CB3F99600B22D10 /* UIView+Extras.swift in Sources */ = {isa = PBXBuildFile; fileRef = B818DF851CB3F99600B22D10 /* UIView+Extras.swift */; };
		B84F567F1CD249C600419AF7 /* CommunityPermissions.swift in Sources */ = {isa = PBXBuildFile; fileRef = B84F567E1CD249C600419AF7 /* CommunityPermissions.swift */; };
/* End PBXBuildFile section */

/* Begin PBXFileReference section */
		40C8F944AD89407778E1C355 /* Pods_communifime.framework */ = {isa = PBXFileReference; explicitFileType = wrapper.framework; includeInIndex = 0; path = Pods_communifime.framework; sourceTree = BUILT_PRODUCTS_DIR; };
		4EB8A789915311B577E73395 /* Pods-communifime.debug.xcconfig */ = {isa = PBXFileReference; includeInIndex = 1; lastKnownFileType = text.xcconfig; name = "Pods-communifime.debug.xcconfig"; path = "Pods/Target Support Files/Pods-communifime/Pods-communifime.debug.xcconfig"; sourceTree = "<group>"; };
		680D914F1CCEEF7700A31971 /* CommunityList.swift */ = {isa = PBXFileReference; fileEncoding = 4; lastKnownFileType = sourcecode.swift; path = CommunityList.swift; sourceTree = "<group>"; };
		680D91531CCEF2A700A31971 /* CommunityVC.swift */ = {isa = PBXFileReference; fileEncoding = 4; lastKnownFileType = sourcecode.swift; path = CommunityVC.swift; sourceTree = "<group>"; };
		680D91551CCEF42B00A31971 /* Community.swift */ = {isa = PBXFileReference; fileEncoding = 4; lastKnownFileType = sourcecode.swift; path = Community.swift; sourceTree = "<group>"; };
		68148BDF1CA899B40096E699 /* profile_icon.png */ = {isa = PBXFileReference; lastKnownFileType = image.png; path = profile_icon.png; sourceTree = "<group>"; };
		68148BE11CA89A330096E699 /* settings_icon.png */ = {isa = PBXFileReference; lastKnownFileType = image.png; path = settings_icon.png; sourceTree = "<group>"; };
		68148BE31CA89AB50096E699 /* communities_icon.png */ = {isa = PBXFileReference; lastKnownFileType = image.png; path = communities_icon.png; sourceTree = "<group>"; };
		68148BE51CA89DBB0096E699 /* SettingsVC.swift */ = {isa = PBXFileReference; fileEncoding = 4; lastKnownFileType = sourcecode.swift; path = SettingsVC.swift; sourceTree = "<group>"; };
		68148BE71CA98FE10096E699 /* add-icon.png */ = {isa = PBXFileReference; lastKnownFileType = image.png; path = "add-icon.png"; sourceTree = "<group>"; };
		6824FECA1CBAE9D800C33B9D /* FamilyMember.swift */ = {isa = PBXFileReference; fileEncoding = 4; lastKnownFileType = sourcecode.swift; path = FamilyMember.swift; sourceTree = "<group>"; };
		6824FECE1CBAEB2D00C33B9D /* SpouseFamilyMember.swift */ = {isa = PBXFileReference; fileEncoding = 4; lastKnownFileType = sourcecode.swift; path = SpouseFamilyMember.swift; sourceTree = "<group>"; };
		6824FED01CBAF43600C33B9D /* FamilyList.swift */ = {isa = PBXFileReference; fileEncoding = 4; lastKnownFileType = sourcecode.swift; path = FamilyList.swift; sourceTree = "<group>"; };
		6824FED31CBAFBFE00C33B9D /* ManageSpouseVC.swift */ = {isa = PBXFileReference; fileEncoding = 4; lastKnownFileType = sourcecode.swift; path = ManageSpouseVC.swift; sourceTree = "<group>"; };
		6824FED51CBB090C00C33B9D /* ManageChildVC.swift */ = {isa = PBXFileReference; fileEncoding = 4; lastKnownFileType = sourcecode.swift; path = ManageChildVC.swift; sourceTree = "<group>"; };
		6824FED71CBB35A600C33B9D /* chevronBackground.png */ = {isa = PBXFileReference; lastKnownFileType = image.png; path = chevronBackground.png; sourceTree = "<group>"; };
		682733A31CAE09AD00DBD95B /* addProfileImage.png */ = {isa = PBXFileReference; lastKnownFileType = image.png; path = addProfileImage.png; sourceTree = "<group>"; };
		682733A61CB06FEC00DBD95B /* UserProfile.swift */ = {isa = PBXFileReference; fileEncoding = 4; lastKnownFileType = sourcecode.swift; path = UserProfile.swift; sourceTree = "<group>"; };
		682733B31CB355FD00DBD95B /* leftArrow.png */ = {isa = PBXFileReference; lastKnownFileType = image.png; path = leftArrow.png; sourceTree = "<group>"; };
		682733B51CB3584B00DBD95B /* ManageAddressVC.swift */ = {isa = PBXFileReference; fileEncoding = 4; lastKnownFileType = sourcecode.swift; path = ManageAddressVC.swift; sourceTree = "<group>"; };
		682733B91CB35A8700DBD95B /* Address.swift */ = {isa = PBXFileReference; fileEncoding = 4; lastKnownFileType = sourcecode.swift; path = Address.swift; sourceTree = "<group>"; };
		682733BF1CB55A4A00DBD95B /* PairList.swift */ = {isa = PBXFileReference; fileEncoding = 4; lastKnownFileType = sourcecode.swift; path = PairList.swift; sourceTree = "<group>"; };
		682733C31CB5D8FE00DBD95B /* ManagePairVC.swift */ = {isa = PBXFileReference; fileEncoding = 4; lastKnownFileType = sourcecode.swift; path = ManagePairVC.swift; sourceTree = "<group>"; };
		682733C51CB5EDE400DBD95B /* Pair.swift */ = {isa = PBXFileReference; fileEncoding = 4; lastKnownFileType = sourcecode.swift; path = Pair.swift; sourceTree = "<group>"; };
		682733CB1CB98B1700DBD95B /* ProfileList.swift */ = {isa = PBXFileReference; fileEncoding = 4; lastKnownFileType = sourcecode.swift; path = ProfileList.swift; sourceTree = "<group>"; };
		682733CD1CB98D3700DBD95B /* ProfileTextCell.swift */ = {isa = PBXFileReference; fileEncoding = 4; lastKnownFileType = sourcecode.swift; path = ProfileTextCell.swift; sourceTree = "<group>"; };
		682733CF1CB9945000DBD95B /* ProfileAddressCell.swift */ = {isa = PBXFileReference; fileEncoding = 4; lastKnownFileType = sourcecode.swift; path = ProfileAddressCell.swift; sourceTree = "<group>"; };
		682733D11CB9990400DBD95B /* FormPair.swift */ = {isa = PBXFileReference; fileEncoding = 4; lastKnownFileType = sourcecode.swift; path = FormPair.swift; sourceTree = "<group>"; };
		682733D51CBA99B900DBD95B /* ProfilePairListCell.swift */ = {isa = PBXFileReference; fileEncoding = 4; lastKnownFileType = sourcecode.swift; path = ProfilePairListCell.swift; sourceTree = "<group>"; };
		68388A4A1CD199A700AE1CF9 /* nologo.jpg */ = {isa = PBXFileReference; lastKnownFileType = image.jpeg; path = nologo.jpg; sourceTree = "<group>"; };
		68388A4C1CD19B1000AE1CF9 /* CommunitySettingsVC.swift */ = {isa = PBXFileReference; fileEncoding = 4; lastKnownFileType = sourcecode.swift; path = CommunitySettingsVC.swift; sourceTree = "<group>"; };
		68388A501CD2997E00AE1CF9 /* CommunityTabBarVC.swift */ = {isa = PBXFileReference; fileEncoding = 4; lastKnownFileType = sourcecode.swift; path = CommunityTabBarVC.swift; sourceTree = "<group>"; };
		68388A521CD29B0900AE1CF9 /* SubCommunityList.swift */ = {isa = PBXFileReference; fileEncoding = 4; lastKnownFileType = sourcecode.swift; path = SubCommunityList.swift; sourceTree = "<group>"; };
		68388A541CD2A22000AE1CF9 /* ManageSubCommunityVC.swift */ = {isa = PBXFileReference; fileEncoding = 4; lastKnownFileType = sourcecode.swift; path = ManageSubCommunityVC.swift; sourceTree = "<group>"; };
		684048201CD565CB00514CE4 /* CommunityAdminSettingsVC.swift */ = {isa = PBXFileReference; fileEncoding = 4; lastKnownFileType = sourcecode.swift; path = CommunityAdminSettingsVC.swift; sourceTree = "<group>"; };
		684048231CD664DF00514CE4 /* SubCommunityApprovalList.swift */ = {isa = PBXFileReference; fileEncoding = 4; lastKnownFileType = sourcecode.swift; path = SubCommunityApprovalList.swift; sourceTree = "<group>"; };
		684048251CD6761300514CE4 /* SubCommunityRequestsVC.swift */ = {isa = PBXFileReference; fileEncoding = 4; lastKnownFileType = sourcecode.swift; path = SubCommunityRequestsVC.swift; sourceTree = "<group>"; };
		684048271CD684D200514CE4 /* JoinCommunityVC.swift */ = {isa = PBXFileReference; fileEncoding = 4; lastKnownFileType = sourcecode.swift; path = JoinCommunityVC.swift; sourceTree = "<group>"; };
		6859CF421CC6CF8700208C90 /* Accounts */ = {isa = PBXFileReference; fileEncoding = 4; lastKnownFileType = text; path = Accounts; sourceTree = "<group>"; };
		6859CF441CCDA89F00208C90 /* ImageContainer.swift */ = {isa = PBXFileReference; fileEncoding = 4; lastKnownFileType = sourcecode.swift; path = ImageContainer.swift; sourceTree = "<group>"; };
		6859CF461CCDB7C000208C90 /* loadingImage.png */ = {isa = PBXFileReference; lastKnownFileType = image.png; path = loadingImage.png; sourceTree = "<group>"; };
		686415761CD6FD1F00B265A7 /* CommunityMainVC.swift */ = {isa = PBXFileReference; fileEncoding = 4; lastKnownFileType = sourcecode.swift; path = CommunityMainVC.swift; sourceTree = "<group>"; };
		68ADFEE01CDAE21400B2671E /* SubCommunityManageMembersVC.swift */ = {isa = PBXFileReference; fileEncoding = 4; lastKnownFileType = sourcecode.swift; path = SubCommunityManageMembersVC.swift; sourceTree = "<group>"; };
		68ADFEE21CDAE22D00B2671E /* SubCommunityManageMembersList.swift */ = {isa = PBXFileReference; fileEncoding = 4; lastKnownFileType = sourcecode.swift; path = SubCommunityManageMembersList.swift; sourceTree = "<group>"; };
		68ADFEE61CDAEB4900B2671E /* searchIcon.png */ = {isa = PBXFileReference; lastKnownFileType = image.png; path = searchIcon.png; sourceTree = "<group>"; };
		68ADFEE81CDAEF6300B2671E /* emailIcon.png */ = {isa = PBXFileReference; lastKnownFileType = image.png; path = emailIcon.png; sourceTree = "<group>"; };
		68F3830C1CBBDC56001E0587 /* ProfileDateCell.swift */ = {isa = PBXFileReference; fileEncoding = 4; lastKnownFileType = sourcecode.swift; path = ProfileDateCell.swift; sourceTree = "<group>"; };
		68F3830E1CBBE5C9001E0587 /* ChildFamilyMember.swift */ = {isa = PBXFileReference; fileEncoding = 4; lastKnownFileType = sourcecode.swift; path = ChildFamilyMember.swift; sourceTree = "<group>"; };
		68FDF1551CA7438A0037B878 /* communifime.app */ = {isa = PBXFileReference; explicitFileType = wrapper.application; includeInIndex = 0; path = communifime.app; sourceTree = BUILT_PRODUCTS_DIR; };
		68FDF1581CA7438B0037B878 /* AppDelegate.swift */ = {isa = PBXFileReference; lastKnownFileType = sourcecode.swift; path = AppDelegate.swift; sourceTree = "<group>"; };
		68FDF15D1CA7438B0037B878 /* Base */ = {isa = PBXFileReference; lastKnownFileType = file.storyboard; name = Base; path = Base.lproj/Main.storyboard; sourceTree = "<group>"; };
		68FDF15F1CA7438B0037B878 /* Assets.xcassets */ = {isa = PBXFileReference; lastKnownFileType = folder.assetcatalog; path = Assets.xcassets; sourceTree = "<group>"; };
		68FDF1621CA7438B0037B878 /* Base */ = {isa = PBXFileReference; lastKnownFileType = file.storyboard; name = Base; path = Base.lproj/LaunchScreen.storyboard; sourceTree = "<group>"; };
		68FDF1641CA7438B0037B878 /* Info.plist */ = {isa = PBXFileReference; lastKnownFileType = text.plist.xml; path = Info.plist; sourceTree = "<group>"; };
		68FDF16A1CA743EB0037B878 /* TODO */ = {isa = PBXFileReference; fileEncoding = 4; lastKnownFileType = text; name = TODO; path = communifime/TODO; sourceTree = "<group>"; };
		68FDF16D1CA7475B0037B878 /* LoginVC.swift */ = {isa = PBXFileReference; fileEncoding = 4; lastKnownFileType = sourcecode.swift; path = LoginVC.swift; sourceTree = "<group>"; };
		68FDF16F1CA7481C0037B878 /* RegisterVC.swift */ = {isa = PBXFileReference; fileEncoding = 4; lastKnownFileType = sourcecode.swift; path = RegisterVC.swift; sourceTree = "<group>"; };
		68FDF1711CA748C70037B878 /* Core.swift */ = {isa = PBXFileReference; fileEncoding = 4; lastKnownFileType = sourcecode.swift; path = Core.swift; sourceTree = "<group>"; };
		68FDF1731CA749D70037B878 /* UIViewController+Extras.swift */ = {isa = PBXFileReference; fileEncoding = 4; lastKnownFileType = sourcecode.swift; path = "UIViewController+Extras.swift"; sourceTree = "<group>"; };
		B818DF751CAEBCCC00B22D10 /* ProfileVC.swift */ = {isa = PBXFileReference; fileEncoding = 4; lastKnownFileType = sourcecode.swift; path = ProfileVC.swift; sourceTree = "<group>"; };
		B818DF771CAEBE0C00B22D10 /* GetImageVC.swift */ = {isa = PBXFileReference; fileEncoding = 4; lastKnownFileType = sourcecode.swift; path = GetImageVC.swift; sourceTree = "<group>"; };
		B818DF821CB3F62B00B22D10 /* AddressView.swift */ = {isa = PBXFileReference; fileEncoding = 4; lastKnownFileType = sourcecode.swift; path = AddressView.swift; sourceTree = "<group>"; };
		B818DF851CB3F99600B22D10 /* UIView+Extras.swift */ = {isa = PBXFileReference; fileEncoding = 4; lastKnownFileType = sourcecode.swift; path = "UIView+Extras.swift"; sourceTree = "<group>"; };
		B84F567E1CD249C600419AF7 /* CommunityPermissions.swift */ = {isa = PBXFileReference; fileEncoding = 4; lastKnownFileType = sourcecode.swift; path = CommunityPermissions.swift; sourceTree = "<group>"; };
		E44AEA3FD95E8E89CD3B6CE8 /* Pods-communifime.release.xcconfig */ = {isa = PBXFileReference; includeInIndex = 1; lastKnownFileType = text.xcconfig; name = "Pods-communifime.release.xcconfig"; path = "Pods/Target Support Files/Pods-communifime/Pods-communifime.release.xcconfig"; sourceTree = "<group>"; };
/* End PBXFileReference section */

/* Begin PBXFrameworksBuildPhase section */
		68FDF1521CA7438A0037B878 /* Frameworks */ = {
			isa = PBXFrameworksBuildPhase;
			buildActionMask = 2147483647;
			files = (
				44800727959E91FB53B9AE04 /* Pods_communifime.framework in Frameworks */,
			);
			runOnlyForDeploymentPostprocessing = 0;
		};
/* End PBXFrameworksBuildPhase section */

/* Begin PBXGroup section */
		680D91511CCEEFF500A31971 /* Community */ = {
			isa = PBXGroup;
			children = (
				684048221CD6649600514CE4 /* Sub-Community */,
				686415761CD6FD1F00B265A7 /* CommunityMainVC.swift */,
				680D914F1CCEEF7700A31971 /* CommunityList.swift */,
				680D91531CCEF2A700A31971 /* CommunityVC.swift */,
				68388A4C1CD19B1000AE1CF9 /* CommunitySettingsVC.swift */,
				684048201CD565CB00514CE4 /* CommunityAdminSettingsVC.swift */,
				68388A501CD2997E00AE1CF9 /* CommunityTabBarVC.swift */,
				684048271CD684D200514CE4 /* JoinCommunityVC.swift */,
			);
			name = Community;
			sourceTree = "<group>";
		};
		680D91521CCEF00E00A31971 /* Login/Registration */ = {
			isa = PBXGroup;
			children = (
				68148BE51CA89DBB0096E699 /* SettingsVC.swift */,
				68FDF16F1CA7481C0037B878 /* RegisterVC.swift */,
				68FDF16D1CA7475B0037B878 /* LoginVC.swift */,
			);
			name = Login/Registration;
			sourceTree = "<group>";
		};
		68148BDC1CA895F80096E699 /* images */ = {
			isa = PBXGroup;
			children = (
				68ADFEE81CDAEF6300B2671E /* emailIcon.png */,
				68ADFEE61CDAEB4900B2671E /* searchIcon.png */,
				68388A4A1CD199A700AE1CF9 /* nologo.jpg */,
				6859CF461CCDB7C000208C90 /* loadingImage.png */,
				6824FED71CBB35A600C33B9D /* chevronBackground.png */,
				682733B31CB355FD00DBD95B /* leftArrow.png */,
				682733A31CAE09AD00DBD95B /* addProfileImage.png */,
				68148BE71CA98FE10096E699 /* add-icon.png */,
				68148BE31CA89AB50096E699 /* communities_icon.png */,
				68148BE11CA89A330096E699 /* settings_icon.png */,
				68148BDF1CA899B40096E699 /* profile_icon.png */,
			);
			name = images;
			sourceTree = "<group>";
		};
		6824FECC1CBAEAB300C33B9D /* Family */ = {
			isa = PBXGroup;
			children = (
				6824FECA1CBAE9D800C33B9D /* FamilyMember.swift */,
				6824FECE1CBAEB2D00C33B9D /* SpouseFamilyMember.swift */,
				68F3830E1CBBE5C9001E0587 /* ChildFamilyMember.swift */,
			);
			name = Family;
			sourceTree = "<group>";
		};
		6824FED21CBAFBC100C33B9D /* Family */ = {
			isa = PBXGroup;
			children = (
				6824FED01CBAF43600C33B9D /* FamilyList.swift */,
				6824FED31CBAFBFE00C33B9D /* ManageSpouseVC.swift */,
				6824FED51CBB090C00C33B9D /* ManageChildVC.swift */,
			);
			name = Family;
			sourceTree = "<group>";
		};
		682733A51CB06FAD00DBD95B /* Custom Objects */ = {
			isa = PBXGroup;
			children = (
				6824FECC1CBAEAB300C33B9D /* Family */,
				682733C51CB5EDE400DBD95B /* Pair.swift */,
				682733B91CB35A8700DBD95B /* Address.swift */,
				682733D11CB9990400DBD95B /* FormPair.swift */,
				682733A61CB06FEC00DBD95B /* UserProfile.swift */,
				6859CF441CCDA89F00208C90 /* ImageContainer.swift */,
				680D91551CCEF42B00A31971 /* Community.swift */,
				B84F567E1CD249C600419AF7 /* CommunityPermissions.swift */,
			);
			name = "Custom Objects";
			sourceTree = "<group>";
		};
		682733BD1CB5579000DBD95B /* Addresses */ = {
			isa = PBXGroup;
			children = (
				682733B51CB3584B00DBD95B /* ManageAddressVC.swift */,
			);
			name = Addresses;
			sourceTree = "<group>";
		};
		682733BE1CB557A800DBD95B /* Name/Value Pairs */ = {
			isa = PBXGroup;
			children = (
				682733C31CB5D8FE00DBD95B /* ManagePairVC.swift */,
				682733BF1CB55A4A00DBD95B /* PairList.swift */,
			);
			name = "Name/Value Pairs";
			sourceTree = "<group>";
		};
		682733D31CB99B5100DBD95B /* TV Cells */ = {
			isa = PBXGroup;
			children = (
				682733CF1CB9945000DBD95B /* ProfileAddressCell.swift */,
				682733CD1CB98D3700DBD95B /* ProfileTextCell.swift */,
				682733D51CBA99B900DBD95B /* ProfilePairListCell.swift */,
				68F3830C1CBBDC56001E0587 /* ProfileDateCell.swift */,
			);
			name = "TV Cells";
			sourceTree = "<group>";
		};
		682733D41CB99BD800DBD95B /* toDelete */ = {
			isa = PBXGroup;
			children = (
				B818DF821CB3F62B00B22D10 /* AddressView.swift */,
			);
			name = toDelete;
			sourceTree = "<group>";
		};
		684048221CD6649600514CE4 /* Sub-Community */ = {
			isa = PBXGroup;
			children = (
				68388A541CD2A22000AE1CF9 /* ManageSubCommunityVC.swift */,
				68388A521CD29B0900AE1CF9 /* SubCommunityList.swift */,
				684048231CD664DF00514CE4 /* SubCommunityApprovalList.swift */,
				684048251CD6761300514CE4 /* SubCommunityRequestsVC.swift */,
				68ADFEE01CDAE21400B2671E /* SubCommunityManageMembersVC.swift */,
				68ADFEE21CDAE22D00B2671E /* SubCommunityManageMembersList.swift */,
			);
			name = "Sub-Community";
			sourceTree = "<group>";
		};
		68FDF14C1CA7438A0037B878 = {
			isa = PBXGroup;
			children = (
				6859CF421CC6CF8700208C90 /* Accounts */,
				68FDF16A1CA743EB0037B878 /* TODO */,
				68FDF1571CA7438B0037B878 /* communifime */,
				68FDF1561CA7438A0037B878 /* Products */,
				A0B8386EE5DDA3AA5AC350C4 /* Pods */,
				FFC441912A2276B219755557 /* Frameworks */,
			);
			sourceTree = "<group>";
		};
		68FDF1561CA7438A0037B878 /* Products */ = {
			isa = PBXGroup;
			children = (
				68FDF1551CA7438A0037B878 /* communifime.app */,
			);
			name = Products;
			sourceTree = "<group>";
		};
		68FDF1571CA7438B0037B878 /* communifime */ = {
			isa = PBXGroup;
			children = (
				682733D41CB99BD800DBD95B /* toDelete */,
				68148BDC1CA895F80096E699 /* images */,
				68FDF1711CA748C70037B878 /* Core.swift */,
				68FDF1581CA7438B0037B878 /* AppDelegate.swift */,
				68FDF15C1CA7438B0037B878 /* Main.storyboard */,
				682733A51CB06FAD00DBD95B /* Custom Objects */,
				68FDF16C1CA746F90037B878 /* Code Behinds */,
				68FDF15F1CA7438B0037B878 /* Assets.xcassets */,
				68FDF1611CA7438B0037B878 /* LaunchScreen.storyboard */,
				68FDF1641CA7438B0037B878 /* Info.plist */,
			);
			path = communifime;
			sourceTree = "<group>";
		};
		68FDF16C1CA746F90037B878 /* Code Behinds */ = {
			isa = PBXGroup;
			children = (
				680D91521CCEF00E00A31971 /* Login/Registration */,
				680D91511CCEEFF500A31971 /* Community */,
				B818DF871CB4048B00B22D10 /* Profile */,
				B818DF841CB3F8E900B22D10 /* Class Extensions */,
				B818DF771CAEBE0C00B22D10 /* GetImageVC.swift */,
			);
			name = "Code Behinds";
			sourceTree = "<group>";
		};
		A0B8386EE5DDA3AA5AC350C4 /* Pods */ = {
			isa = PBXGroup;
			children = (
				4EB8A789915311B577E73395 /* Pods-communifime.debug.xcconfig */,
				E44AEA3FD95E8E89CD3B6CE8 /* Pods-communifime.release.xcconfig */,
			);
			name = Pods;
			sourceTree = "<group>";
		};
		B818DF841CB3F8E900B22D10 /* Class Extensions */ = {
			isa = PBXGroup;
			children = (
				68FDF1731CA749D70037B878 /* UIViewController+Extras.swift */,
				B818DF851CB3F99600B22D10 /* UIView+Extras.swift */,
			);
			name = "Class Extensions";
			sourceTree = "<group>";
		};
		B818DF871CB4048B00B22D10 /* Profile */ = {
			isa = PBXGroup;
			children = (
				6824FED21CBAFBC100C33B9D /* Family */,
				B818DF751CAEBCCC00B22D10 /* ProfileVC.swift */,
				682733CB1CB98B1700DBD95B /* ProfileList.swift */,
				682733D31CB99B5100DBD95B /* TV Cells */,
				682733BE1CB557A800DBD95B /* Name/Value Pairs */,
				682733BD1CB5579000DBD95B /* Addresses */,
			);
			name = Profile;
			sourceTree = "<group>";
		};
		FFC441912A2276B219755557 /* Frameworks */ = {
			isa = PBXGroup;
			children = (
				40C8F944AD89407778E1C355 /* Pods_communifime.framework */,
			);
			name = Frameworks;
			sourceTree = "<group>";
		};
/* End PBXGroup section */

/* Begin PBXNativeTarget section */
		68FDF1541CA7438A0037B878 /* communifime */ = {
			isa = PBXNativeTarget;
			buildConfigurationList = 68FDF1671CA7438B0037B878 /* Build configuration list for PBXNativeTarget "communifime" */;
			buildPhases = (
				130DA2A9BFA73E815A0A1001 /* Check Pods Manifest.lock */,
				68FDF1511CA7438A0037B878 /* Sources */,
				68FDF1521CA7438A0037B878 /* Frameworks */,
				68FDF1531CA7438A0037B878 /* Resources */,
				3E0806C0B0DAA9D4FADEAC8C /* Embed Pods Frameworks */,
				A87A66B953F359A91AB2DC36 /* Copy Pods Resources */,
			);
			buildRules = (
			);
			dependencies = (
			);
			name = communifime;
			productName = communifime;
			productReference = 68FDF1551CA7438A0037B878 /* communifime.app */;
			productType = "com.apple.product-type.application";
		};
/* End PBXNativeTarget section */

/* Begin PBXProject section */
		68FDF14D1CA7438A0037B878 /* Project object */ = {
			isa = PBXProject;
			attributes = {
				LastSwiftUpdateCheck = 0730;
				LastUpgradeCheck = 0730;
				ORGANIZATIONNAME = Communifime;
				TargetAttributes = {
					68FDF1541CA7438A0037B878 = {
						CreatedOnToolsVersion = 7.3;
					};
				};
			};
			buildConfigurationList = 68FDF1501CA7438A0037B878 /* Build configuration list for PBXProject "communifime" */;
			compatibilityVersion = "Xcode 3.2";
			developmentRegion = English;
			hasScannedForEncodings = 0;
			knownRegions = (
				en,
				Base,
			);
			mainGroup = 68FDF14C1CA7438A0037B878;
			productRefGroup = 68FDF1561CA7438A0037B878 /* Products */;
			projectDirPath = "";
			projectRoot = "";
			targets = (
				68FDF1541CA7438A0037B878 /* communifime */,
			);
		};
/* End PBXProject section */

/* Begin PBXResourcesBuildPhase section */
		68FDF1531CA7438A0037B878 /* Resources */ = {
			isa = PBXResourcesBuildPhase;
			buildActionMask = 2147483647;
			files = (
				68FDF1631CA7438B0037B878 /* LaunchScreen.storyboard in Resources */,
				68ADFEE91CDAEF6300B2671E /* emailIcon.png in Resources */,
				6824FED81CBB35A600C33B9D /* chevronBackground.png in Resources */,
				68FDF1601CA7438B0037B878 /* Assets.xcassets in Resources */,
				682733B41CB355FD00DBD95B /* leftArrow.png in Resources */,
				6859CF431CC6CF8700208C90 /* Accounts in Resources */,
				68FDF16B1CA743EB0037B878 /* TODO in Resources */,
				682733A41CAE09AD00DBD95B /* addProfileImage.png in Resources */,
				68148BE21CA89A330096E699 /* settings_icon.png in Resources */,
				68148BE41CA89AB50096E699 /* communities_icon.png in Resources */,
				6859CF471CCDB7C000208C90 /* loadingImage.png in Resources */,
				68148BE01CA899B40096E699 /* profile_icon.png in Resources */,
				68388A4B1CD199A700AE1CF9 /* nologo.jpg in Resources */,
				68148BE81CA98FE10096E699 /* add-icon.png in Resources */,
				68FDF15E1CA7438B0037B878 /* Main.storyboard in Resources */,
				68ADFEE71CDAEB4900B2671E /* searchIcon.png in Resources */,
			);
			runOnlyForDeploymentPostprocessing = 0;
		};
/* End PBXResourcesBuildPhase section */

/* Begin PBXShellScriptBuildPhase section */
		130DA2A9BFA73E815A0A1001 /* Check Pods Manifest.lock */ = {
			isa = PBXShellScriptBuildPhase;
			buildActionMask = 2147483647;
			files = (
			);
			inputPaths = (
			);
			name = "Check Pods Manifest.lock";
			outputPaths = (
			);
			runOnlyForDeploymentPostprocessing = 0;
			shellPath = /bin/sh;
			shellScript = "diff \"${PODS_ROOT}/../Podfile.lock\" \"${PODS_ROOT}/Manifest.lock\" > /dev/null\nif [[ $? != 0 ]] ; then\n    cat << EOM\nerror: The sandbox is not in sync with the Podfile.lock. Run 'pod install' or update your CocoaPods installation.\nEOM\n    exit 1\nfi\n";
			showEnvVarsInLog = 0;
		};
		3E0806C0B0DAA9D4FADEAC8C /* Embed Pods Frameworks */ = {
			isa = PBXShellScriptBuildPhase;
			buildActionMask = 2147483647;
			files = (
			);
			inputPaths = (
			);
			name = "Embed Pods Frameworks";
			outputPaths = (
			);
			runOnlyForDeploymentPostprocessing = 0;
			shellPath = /bin/sh;
			shellScript = "\"${SRCROOT}/Pods/Target Support Files/Pods-communifime/Pods-communifime-frameworks.sh\"\n";
			showEnvVarsInLog = 0;
		};
		A87A66B953F359A91AB2DC36 /* Copy Pods Resources */ = {
			isa = PBXShellScriptBuildPhase;
			buildActionMask = 2147483647;
			files = (
			);
			inputPaths = (
			);
			name = "Copy Pods Resources";
			outputPaths = (
			);
			runOnlyForDeploymentPostprocessing = 0;
			shellPath = /bin/sh;
			shellScript = "\"${SRCROOT}/Pods/Target Support Files/Pods-communifime/Pods-communifime-resources.sh\"\n";
			showEnvVarsInLog = 0;
		};
/* End PBXShellScriptBuildPhase section */

/* Begin PBXSourcesBuildPhase section */
		68FDF1511CA7438A0037B878 /* Sources */ = {
			isa = PBXSourcesBuildPhase;
			buildActionMask = 2147483647;
			files = (
				6824FED61CBB090C00C33B9D /* ManageChildVC.swift in Sources */,
				682733C01CB55A4A00DBD95B /* PairList.swift in Sources */,
				68FDF1701CA7481C0037B878 /* RegisterVC.swift in Sources */,
				68FDF16E1CA7475B0037B878 /* LoginVC.swift in Sources */,
				680D91541CCEF2A700A31971 /* CommunityVC.swift in Sources */,
				B818DF831CB3F62B00B22D10 /* AddressView.swift in Sources */,
				B818DF761CAEBCCC00B22D10 /* ProfileVC.swift in Sources */,
				6824FECB1CBAE9D800C33B9D /* FamilyMember.swift in Sources */,
				68FDF1741CA749D70037B878 /* UIViewController+Extras.swift in Sources */,
				682733D01CB9945000DBD95B /* ProfileAddressCell.swift in Sources */,
				68ADFEE11CDAE21400B2671E /* SubCommunityManageMembersVC.swift in Sources */,
				682733C61CB5EDE400DBD95B /* Pair.swift in Sources */,
				684048261CD6761300514CE4 /* SubCommunityRequestsVC.swift in Sources */,
				6824FED11CBAF43600C33B9D /* FamilyList.swift in Sources */,
				682733CE1CB98D3700DBD95B /* ProfileTextCell.swift in Sources */,
				68388A551CD2A22000AE1CF9 /* ManageSubCommunityVC.swift in Sources */,
				682733B61CB3584B00DBD95B /* ManageAddressVC.swift in Sources */,
				68ADFEE31CDAE22D00B2671E /* SubCommunityManageMembersList.swift in Sources */,
				6824FECF1CBAEB2D00C33B9D /* SpouseFamilyMember.swift in Sources */,
				680D91561CCEF42B00A31971 /* Community.swift in Sources */,
				68FDF1721CA748C70037B878 /* Core.swift in Sources */,
				684048241CD664DF00514CE4 /* SubCommunityApprovalList.swift in Sources */,
				682733CC1CB98B1700DBD95B /* ProfileList.swift in Sources */,
				68FDF1591CA7438B0037B878 /* AppDelegate.swift in Sources */,
				68388A4D1CD19B1000AE1CF9 /* CommunitySettingsVC.swift in Sources */,
				682733BA1CB35A8700DBD95B /* Address.swift in Sources */,
				682733D21CB9990400DBD95B /* FormPair.swift in Sources */,
				686415771CD6FD1F00B265A7 /* CommunityMainVC.swift in Sources */,
				68148BE61CA89DBB0096E699 /* SettingsVC.swift in Sources */,
				68F3830F1CBBE5C9001E0587 /* ChildFamilyMember.swift in Sources */,
				68388A511CD2997E00AE1CF9 /* CommunityTabBarVC.swift in Sources */,
				B818DF781CAEBE0C00B22D10 /* GetImageVC.swift in Sources */,
				6859CF451CCDA89F00208C90 /* ImageContainer.swift in Sources */,
				B84F567F1CD249C600419AF7 /* CommunityPermissions.swift in Sources */,
				680D91501CCEEF7700A31971 /* CommunityList.swift in Sources */,
				682733C41CB5D8FE00DBD95B /* ManagePairVC.swift in Sources */,
				B818DF861CB3F99600B22D10 /* UIView+Extras.swift in Sources */,
				682733D61CBA99B900DBD95B /* ProfilePairListCell.swift in Sources */,
				68388A531CD29B0900AE1CF9 /* SubCommunityList.swift in Sources */,
				682733A71CB06FEC00DBD95B /* UserProfile.swift in Sources */,
				684048281CD684D200514CE4 /* JoinCommunityVC.swift in Sources */,
				684048211CD565CB00514CE4 /* CommunityAdminSettingsVC.swift in Sources */,
				6824FED41CBAFBFE00C33B9D /* ManageSpouseVC.swift in Sources */,
				68F3830D1CBBDC56001E0587 /* ProfileDateCell.swift in Sources */,
			);
			runOnlyForDeploymentPostprocessing = 0;
		};
/* End PBXSourcesBuildPhase section */

/* Begin PBXVariantGroup section */
		68FDF15C1CA7438B0037B878 /* Main.storyboard */ = {
			isa = PBXVariantGroup;
			children = (
				68FDF15D1CA7438B0037B878 /* Base */,
			);
			name = Main.storyboard;
			sourceTree = "<group>";
		};
		68FDF1611CA7438B0037B878 /* LaunchScreen.storyboard */ = {
			isa = PBXVariantGroup;
			children = (
				68FDF1621CA7438B0037B878 /* Base */,
			);
			name = LaunchScreen.storyboard;
			sourceTree = "<group>";
		};
/* End PBXVariantGroup section */

/* Begin XCBuildConfiguration section */
		68FDF1651CA7438B0037B878 /* Debug */ = {
			isa = XCBuildConfiguration;
			buildSettings = {
				ALWAYS_SEARCH_USER_PATHS = NO;
				CLANG_ANALYZER_NONNULL = YES;
				CLANG_CXX_LANGUAGE_STANDARD = "gnu++0x";
				CLANG_CXX_LIBRARY = "libc++";
				CLANG_ENABLE_MODULES = YES;
				CLANG_ENABLE_OBJC_ARC = YES;
				CLANG_WARN_BOOL_CONVERSION = YES;
				CLANG_WARN_CONSTANT_CONVERSION = YES;
				CLANG_WARN_DIRECT_OBJC_ISA_USAGE = YES_ERROR;
				CLANG_WARN_EMPTY_BODY = YES;
				CLANG_WARN_ENUM_CONVERSION = YES;
				CLANG_WARN_INT_CONVERSION = YES;
				CLANG_WARN_OBJC_ROOT_CLASS = YES_ERROR;
				CLANG_WARN_UNREACHABLE_CODE = YES;
				CLANG_WARN__DUPLICATE_METHOD_MATCH = YES;
				CODE_SIGN_IDENTITY = "iPhone Distribution";
				COPY_PHASE_STRIP = NO;
				DEBUG_INFORMATION_FORMAT = dwarf;
				ENABLE_STRICT_OBJC_MSGSEND = YES;
				ENABLE_TESTABILITY = YES;
				GCC_C_LANGUAGE_STANDARD = gnu99;
				GCC_DYNAMIC_NO_PIC = NO;
				GCC_NO_COMMON_BLOCKS = YES;
				GCC_OPTIMIZATION_LEVEL = 0;
				GCC_PREPROCESSOR_DEFINITIONS = (
					"DEBUG=1",
					"$(inherited)",
				);
				GCC_WARN_64_TO_32_BIT_CONVERSION = YES;
				GCC_WARN_ABOUT_RETURN_TYPE = YES_ERROR;
				GCC_WARN_UNDECLARED_SELECTOR = YES;
				GCC_WARN_UNINITIALIZED_AUTOS = YES_AGGRESSIVE;
				GCC_WARN_UNUSED_FUNCTION = YES;
				GCC_WARN_UNUSED_VARIABLE = YES;
				IPHONEOS_DEPLOYMENT_TARGET = 9.3;
				MTL_ENABLE_DEBUG_INFO = YES;
				ONLY_ACTIVE_ARCH = YES;
				PROVISIONING_PROFILE = "20606061-9aff-4de1-ac7a-17d59a44020f";
				SDKROOT = iphoneos;
				SWIFT_OPTIMIZATION_LEVEL = "-Onone";
			};
			name = Debug;
		};
		68FDF1661CA7438B0037B878 /* Release */ = {
			isa = XCBuildConfiguration;
			buildSettings = {
				ALWAYS_SEARCH_USER_PATHS = NO;
				CLANG_ANALYZER_NONNULL = YES;
				CLANG_CXX_LANGUAGE_STANDARD = "gnu++0x";
				CLANG_CXX_LIBRARY = "libc++";
				CLANG_ENABLE_MODULES = YES;
				CLANG_ENABLE_OBJC_ARC = YES;
				CLANG_WARN_BOOL_CONVERSION = YES;
				CLANG_WARN_CONSTANT_CONVERSION = YES;
				CLANG_WARN_DIRECT_OBJC_ISA_USAGE = YES_ERROR;
				CLANG_WARN_EMPTY_BODY = YES;
				CLANG_WARN_ENUM_CONVERSION = YES;
				CLANG_WARN_INT_CONVERSION = YES;
				CLANG_WARN_OBJC_ROOT_CLASS = YES_ERROR;
				CLANG_WARN_UNREACHABLE_CODE = YES;
				CLANG_WARN__DUPLICATE_METHOD_MATCH = YES;
				CODE_SIGN_IDENTITY = "iPhone Distribution";
				COPY_PHASE_STRIP = NO;
				DEBUG_INFORMATION_FORMAT = "dwarf-with-dsym";
				ENABLE_NS_ASSERTIONS = NO;
				ENABLE_STRICT_OBJC_MSGSEND = YES;
				GCC_C_LANGUAGE_STANDARD = gnu99;
				GCC_NO_COMMON_BLOCKS = YES;
				GCC_WARN_64_TO_32_BIT_CONVERSION = YES;
				GCC_WARN_ABOUT_RETURN_TYPE = YES_ERROR;
				GCC_WARN_UNDECLARED_SELECTOR = YES;
				GCC_WARN_UNINITIALIZED_AUTOS = YES_AGGRESSIVE;
				GCC_WARN_UNUSED_FUNCTION = YES;
				GCC_WARN_UNUSED_VARIABLE = YES;
				IPHONEOS_DEPLOYMENT_TARGET = 9.3;
				MTL_ENABLE_DEBUG_INFO = NO;
				PROVISIONING_PROFILE = "20606061-9aff-4de1-ac7a-17d59a44020f";
				SDKROOT = iphoneos;
				VALIDATE_PRODUCT = YES;
			};
			name = Release;
		};
		68FDF1681CA7438B0037B878 /* Debug */ = {
			isa = XCBuildConfiguration;
			baseConfigurationReference = 4EB8A789915311B577E73395 /* Pods-communifime.debug.xcconfig */;
			buildSettings = {
				ASSETCATALOG_COMPILER_APPICON_NAME = AppIcon;
				INFOPLIST_FILE = communifime/Info.plist;
				LD_RUNPATH_SEARCH_PATHS = "$(inherited) @executable_path/Frameworks";
				PRODUCT_BUNDLE_IDENTIFIER = com.greenberg.communifime;
				PRODUCT_NAME = "$(TARGET_NAME)";
			};
			name = Debug;
		};
		68FDF1691CA7438B0037B878 /* Release */ = {
			isa = XCBuildConfiguration;
			baseConfigurationReference = E44AEA3FD95E8E89CD3B6CE8 /* Pods-communifime.release.xcconfig */;
			buildSettings = {
				ASSETCATALOG_COMPILER_APPICON_NAME = AppIcon;
				INFOPLIST_FILE = communifime/Info.plist;
				LD_RUNPATH_SEARCH_PATHS = "$(inherited) @executable_path/Frameworks";
				PRODUCT_BUNDLE_IDENTIFIER = com.greenberg.communifime;
				PRODUCT_NAME = "$(TARGET_NAME)";
			};
			name = Release;
		};
/* End XCBuildConfiguration section */

/* Begin XCConfigurationList section */
		68FDF1501CA7438A0037B878 /* Build configuration list for PBXProject "communifime" */ = {
			isa = XCConfigurationList;
			buildConfigurations = (
				68FDF1651CA7438B0037B878 /* Debug */,
				68FDF1661CA7438B0037B878 /* Release */,
			);
			defaultConfigurationIsVisible = 0;
			defaultConfigurationName = Release;
		};
		68FDF1671CA7438B0037B878 /* Build configuration list for PBXNativeTarget "communifime" */ = {
			isa = XCConfigurationList;
			buildConfigurations = (
				68FDF1681CA7438B0037B878 /* Debug */,
				68FDF1691CA7438B0037B878 /* Release */,
			);
			defaultConfigurationIsVisible = 0;
			defaultConfigurationName = Release;
		};
/* End XCConfigurationList section */
	};
	rootObject = 68FDF14D1CA7438A0037B878 /* Project object */;
}
